
Microsoft Visual Studio Solution File, Format Version 12.00
Project("{F184B08F-C81C-45F6-A57F-5ABD9991F28F}") = "Blackjack", "Blackjack.vbproj", "{F702AC22-76F3-4263-9ADA-D4DC921C89D3}"
EndProject
Global
	GlobalSection(SolutionConfigurationPlatforms) = preSolution
		Debug|Any CPU = Debug|Any CPU
		Release|Any CPU = Release|Any CPU
	EndGlobalSection
	GlobalSection(ProjectConfigurationPlatforms) = postSolution
		{F702AC22-76F3-4263-9ADA-D4DC921C89D3}.Debug|Any CPU.ActiveCfg = Debug|Any CPU
		{F702AC22-76F3-4263-9ADA-D4DC921C89D3}.Debug|Any CPU.Build.0 = Debug|Any CPU
		{F702AC22-76F3-4263-9ADA-D4DC921C89D3}.Release|Any CPU.ActiveCfg = Release|Any CPU
		{F702AC22-76F3-4263-9ADA-D4DC921C89D3}.Release|Any CPU.Build.0 = Release|Any CPU
	EndGlobalSection
EndGlobal
